
Microsoft Visual Studio Solution File, Format Version 12.00
# Visual Studio 15
VisualStudioVersion = 15.0.27004.2008
MinimumVisualStudioVersion = 10.0.40219.1
Project("{FAE04EC0-301F-11D3-BF4B-00C04F79EFBC}") = "SpecificationPattern", "SpecificationPattern\SpecificationPattern.csproj", "{3F5A0EEB-3D2D-4439-87AD-6A737279F68F}"
EndProject
Global
	GlobalSection(SolutionConfigurationPlatforms) = preSolution
		Debug|Any CPU = Debug|Any CPU
		Release|Any CPU = Release|Any CPU
	EndGlobalSection
	GlobalSection(ProjectConfigurationPlatforms) = postSolution
		{3F5A0EEB-3D2D-4439-87AD-6A737279F68F}.Debug|Any CPU.ActiveCfg = Debug|Any CPU
		{3F5A0EEB-3D2D-4439-87AD-6A737279F68F}.Debug|Any CPU.Build.0 = Debug|Any CPU
		{3F5A0EEB-3D2D-4439-87AD-6A737279F68F}.Release|Any CPU.ActiveCfg = Release|Any CPU
		{3F5A0EEB-3D2D-4439-87AD-6A737279F68F}.Release|Any CPU.Build.0 = Release|Any CPU
	EndGlobalSection
	GlobalSection(SolutionProperties) = preSolution
		HideSolutionNode = FALSE
	EndGlobalSection
	GlobalSection(ExtensibilityGlobals) = postSolution
		SolutionGuid = {454136C8-73D8-43E4-AA0A-9BD8DFFB014B}
	EndGlobalSection
EndGlobal
